{
  "version": 4,
  "terraform_version": "1.4.6",
  "serial": 198,
  "lineage": "80628d55-86c8-ce76-be5c-3876a1dab2d1",
  "outputs": {},
  "resources": [
    {
      "mode": "managed",
      "type": "azurerm_firewall",
      "name": "tf-fw",
      "provider": "provider[\"registry.terraform.io/hashicorp/azurerm\"]",
      "instances": [
        {
          "schema_version": 0,
          "attributes": {
            "dns_servers": [],
            "firewall_policy_id": "/subscriptions/8dcc4f78-740e-40ef-9edd-8dde9d0e1957/resourceGroups/app-grp/providers/Microsoft.Network/firewallPolicies/tffwpolicy",
            "id": "/subscriptions/8dcc4f78-740e-40ef-9edd-8dde9d0e1957/resourceGroups/app-grp/providers/Microsoft.Network/azureFirewalls/tf-fw",
            "ip_configuration": [
              {
                "name": "configuration",
                "private_ip_address": "10.0.2.4",
                "public_ip_address_id": "/subscriptions/8dcc4f78-740e-40ef-9edd-8dde9d0e1957/resourceGroups/app-grp/providers/Microsoft.Network/publicIPAddresses/tf-fw-pip",
                "subnet_id": "/subscriptions/8dcc4f78-740e-40ef-9edd-8dde9d0e1957/resourceGroups/app-grp/providers/Microsoft.Network/virtualNetworks/tfvnet/subnets/AzureFirewallSubnet"
              }
            ],
            "location": "eastus",
            "management_ip_configuration": [],
            "name": "tf-fw",
            "private_ip_ranges": [],
            "resource_group_name": "app-grp",
            "sku_name": "AZFW_VNet",
            "sku_tier": "Standard",
            "tags": {},
            "threat_intel_mode": "Alert",
            "timeouts": null,
            "virtual_hub": [],
            "zones": []
          },
          "sensitive_attributes": [],
          "private": "eyJlMmJmYjczMC1lY2FhLTExZTYtOGY4OC0zNDM2M2JjN2M0YzAiOnsiY3JlYXRlIjo1NDAwMDAwMDAwMDAwLCJkZWxldGUiOjU0MDAwMDAwMDAwMDAsInJlYWQiOjMwMDAwMDAwMDAwMCwidXBkYXRlIjo1NDAwMDAwMDAwMDAwfX0=",
          "dependencies": [
            "azurerm_firewall_policy.tffwpolicy",
            "azurerm_network_security_group.tfnsg",
            "azurerm_public_ip.tf-fw-pip",
            "azurerm_resource_group.appgrp",
            "azurerm_subnet.AzureFirewallSubnet",
            "azurerm_virtual_network.tfvnet"
          ]
        }
      ]
    },
    {
      "mode": "managed",
      "type": "azurerm_firewall_policy",
      "name": "tffwpolicy",
      "provider": "provider[\"registry.terraform.io/hashicorp/azurerm\"]",
      "instances": [
        {
          "schema_version": 0,
          "attributes": {
            "auto_learn_private_ranges_enabled": false,
            "base_policy_id": "",
            "child_policies": [],
            "dns": [],
            "explicit_proxy": [],
            "firewalls": [
              "/subscriptions/8dcc4f78-740e-40ef-9edd-8dde9d0e1957/resourceGroups/app-grp/providers/Microsoft.Network/azureFirewalls/tf-fw"
            ],
            "id": "/subscriptions/8dcc4f78-740e-40ef-9edd-8dde9d0e1957/resourceGroups/app-grp/providers/Microsoft.Network/firewallPolicies/tffwpolicy",
            "identity": [],
            "insights": [],
            "intrusion_detection": [],
            "location": "eastus",
            "name": "tffwpolicy",
            "private_ip_ranges": [],
            "resource_group_name": "app-grp",
            "rule_collection_groups": [
              "/subscriptions/8dcc4f78-740e-40ef-9edd-8dde9d0e1957/resourceGroups/app-grp/providers/Microsoft.Network/firewallPolicies/tffwpolicy/ruleCollectionGroups/tffwpolrcg"
            ],
            "sku": "Standard",
            "sql_redirect_allowed": null,
            "tags": {},
            "threat_intelligence_allowlist": [],
            "threat_intelligence_mode": "Alert",
            "timeouts": null,
            "tls_certificate": []
          },
          "sensitive_attributes": [],
          "private": "eyJlMmJmYjczMC1lY2FhLTExZTYtOGY4OC0zNDM2M2JjN2M0YzAiOnsiY3JlYXRlIjoxODAwMDAwMDAwMDAwLCJkZWxldGUiOjE4MDAwMDAwMDAwMDAsInJlYWQiOjMwMDAwMDAwMDAwMCwidXBkYXRlIjoxODAwMDAwMDAwMDAwfX0=",
          "dependencies": [
            "azurerm_resource_group.appgrp"
          ]
        }
      ]
    },
    {
      "mode": "managed",
      "type": "azurerm_firewall_policy_rule_collection_group",
      "name": "tffwpolrcg",
      "provider": "provider[\"registry.terraform.io/hashicorp/azurerm\"]",
      "instances": [
        {
          "schema_version": 0,
          "attributes": {
            "application_rule_collection": [],
            "firewall_policy_id": "/subscriptions/8dcc4f78-740e-40ef-9edd-8dde9d0e1957/resourceGroups/app-grp/providers/Microsoft.Network/firewallPolicies/tffwpolicy",
            "id": "/subscriptions/8dcc4f78-740e-40ef-9edd-8dde9d0e1957/resourceGroups/app-grp/providers/Microsoft.Network/firewallPolicies/tffwpolicy/ruleCollectionGroups/tffwpolrcg",
            "name": "tffwpolrcg",
            "nat_rule_collection": [
              {
                "action": "Dnat",
                "name": "nat_rule_collection1",
                "priority": 100,
                "rule": [
                  {
                    "destination_address": "13.92.235.181",
                    "destination_ports": [
                      "50"
                    ],
                    "name": "tfrdpnat",
                    "protocols": [
                      "TCP"
                    ],
                    "source_addresses": [
                      "*"
                    ],
                    "source_ip_groups": [],
                    "translated_address": "10.0.1.4",
                    "translated_fqdn": "",
                    "translated_port": 3389
                  }
                ]
              }
            ],
            "network_rule_collection": [],
            "priority": 100,
            "timeouts": null
          },
          "sensitive_attributes": [],
          "private": "eyJlMmJmYjczMC1lY2FhLTExZTYtOGY4OC0zNDM2M2JjN2M0YzAiOnsiY3JlYXRlIjoxODAwMDAwMDAwMDAwLCJkZWxldGUiOjE4MDAwMDAwMDAwMDAsInJlYWQiOjMwMDAwMDAwMDAwMCwidXBkYXRlIjoxODAwMDAwMDAwMDAwfX0=",
          "dependencies": [
            "azurerm_firewall_policy.tffwpolicy",
            "azurerm_network_security_group.tfnsg",
            "azurerm_public_ip.tf-fw-pip",
            "azurerm_resource_group.appgrp",
            "azurerm_subnet.AzureFirewallSubnet",
            "azurerm_virtual_network.tfvnet"
          ]
        }
      ]
    },
    {
      "mode": "managed",
      "type": "azurerm_network_interface",
      "name": "tfvm-nic",
      "provider": "provider[\"registry.terraform.io/hashicorp/azurerm\"]",
      "instances": [
        {
          "schema_version": 0,
          "attributes": {
            "applied_dns_servers": [],
            "dns_servers": [],
            "edge_zone": "",
            "enable_accelerated_networking": false,
            "enable_ip_forwarding": false,
            "id": "/subscriptions/8dcc4f78-740e-40ef-9edd-8dde9d0e1957/resourceGroups/app-grp/providers/Microsoft.Network/networkInterfaces/tf-vmnic",
            "internal_dns_name_label": "",
            "internal_domain_name_suffix": "phqm0b4t05nedpxxzigzevwr1a.bx.internal.cloudapp.net",
            "ip_configuration": [
              {
                "gateway_load_balancer_frontend_ip_configuration_id": "",
                "name": "tfconfiguration",
                "primary": true,
                "private_ip_address": "10.0.1.4",
                "private_ip_address_allocation": "Dynamic",
                "private_ip_address_version": "IPv4",
                "public_ip_address_id": "",
                "subnet_id": "/subscriptions/8dcc4f78-740e-40ef-9edd-8dde9d0e1957/resourceGroups/app-grp/providers/Microsoft.Network/virtualNetworks/tfvnet/subnets/tfsubnet"
              }
            ],
            "location": "eastus",
            "mac_address": "00-0D-3A-1D-88-BC",
            "name": "tf-vmnic",
            "private_ip_address": "10.0.1.4",
            "private_ip_addresses": [
              "10.0.1.4"
            ],
            "resource_group_name": "app-grp",
            "tags": {},
            "timeouts": null,
            "virtual_machine_id": "/subscriptions/8dcc4f78-740e-40ef-9edd-8dde9d0e1957/resourceGroups/app-grp/providers/Microsoft.Compute/virtualMachines/tf-vm01"
          },
          "sensitive_attributes": [],
          "private": "eyJlMmJmYjczMC1lY2FhLTExZTYtOGY4OC0zNDM2M2JjN2M0YzAiOnsiY3JlYXRlIjoxODAwMDAwMDAwMDAwLCJkZWxldGUiOjE4MDAwMDAwMDAwMDAsInJlYWQiOjMwMDAwMDAwMDAwMCwidXBkYXRlIjoxODAwMDAwMDAwMDAwfX0=",
          "dependencies": [
            "azurerm_network_security_group.tfnsg",
            "azurerm_resource_group.appgrp",
            "azurerm_subnet.tfsubnet",
            "azurerm_virtual_network.tfvnet"
          ]
        }
      ]
    },
    {
      "mode": "managed",
      "type": "azurerm_network_security_group",
      "name": "tfnsg",
      "provider": "provider[\"registry.terraform.io/hashicorp/azurerm\"]",
      "instances": [
        {
          "schema_version": 0,
          "attributes": {
            "id": "/subscriptions/8dcc4f78-740e-40ef-9edd-8dde9d0e1957/resourceGroups/app-grp/providers/Microsoft.Network/networkSecurityGroups/tfnsg",
            "location": "eastus",
            "name": "tfnsg",
            "resource_group_name": "app-grp",
            "security_rule": [],
            "tags": {},
            "timeouts": null
          },
          "sensitive_attributes": [],
          "private": "eyJlMmJmYjczMC1lY2FhLTExZTYtOGY4OC0zNDM2M2JjN2M0YzAiOnsiY3JlYXRlIjoxODAwMDAwMDAwMDAwLCJkZWxldGUiOjE4MDAwMDAwMDAwMDAsInJlYWQiOjMwMDAwMDAwMDAwMCwidXBkYXRlIjoxODAwMDAwMDAwMDAwfX0=",
          "dependencies": [
            "azurerm_resource_group.appgrp"
          ]
        }
      ]
    },
    {
      "mode": "managed",
      "type": "azurerm_public_ip",
      "name": "tf-fw-pip",
      "provider": "provider[\"registry.terraform.io/hashicorp/azurerm\"]",
      "instances": [
        {
          "schema_version": 0,
          "attributes": {
            "allocation_method": "Static",
            "ddos_protection_mode": "VirtualNetworkInherited",
            "ddos_protection_plan_id": null,
            "domain_name_label": null,
            "edge_zone": "",
            "fqdn": null,
            "id": "/subscriptions/8dcc4f78-740e-40ef-9edd-8dde9d0e1957/resourceGroups/app-grp/providers/Microsoft.Network/publicIPAddresses/tf-fw-pip",
            "idle_timeout_in_minutes": 4,
            "ip_address": "13.92.235.181",
            "ip_tags": {},
            "ip_version": "IPv4",
            "location": "eastus",
            "name": "tf-fw-pip",
            "public_ip_prefix_id": null,
            "resource_group_name": "app-grp",
            "reverse_fqdn": null,
            "sku": "Standard",
            "sku_tier": "Regional",
            "tags": {},
            "timeouts": null,
            "zones": []
          },
          "sensitive_attributes": [],
          "private": "eyJlMmJmYjczMC1lY2FhLTExZTYtOGY4OC0zNDM2M2JjN2M0YzAiOnsiY3JlYXRlIjoxODAwMDAwMDAwMDAwLCJkZWxldGUiOjE4MDAwMDAwMDAwMDAsInJlYWQiOjMwMDAwMDAwMDAwMCwidXBkYXRlIjoxODAwMDAwMDAwMDAwfX0=",
          "dependencies": [
            "azurerm_network_security_group.tfnsg",
            "azurerm_resource_group.appgrp",
            "azurerm_subnet.AzureFirewallSubnet",
            "azurerm_virtual_network.tfvnet"
          ]
        }
      ]
    },
    {
      "mode": "managed",
      "type": "azurerm_resource_group",
      "name": "appgrp",
      "provider": "provider[\"registry.terraform.io/hashicorp/azurerm\"]",
      "instances": [
        {
          "schema_version": 0,
          "attributes": {
            "id": "/subscriptions/8dcc4f78-740e-40ef-9edd-8dde9d0e1957/resourceGroups/app-grp",
            "location": "eastus",
            "name": "app-grp",
            "tags": {
              "department": "finance",
              "environment": "test",
              "source": "terraform"
            },
            "timeouts": null
          },
          "sensitive_attributes": [],
          "private": "eyJlMmJmYjczMC1lY2FhLTExZTYtOGY4OC0zNDM2M2JjN2M0YzAiOnsiY3JlYXRlIjo1NDAwMDAwMDAwMDAwLCJkZWxldGUiOjU0MDAwMDAwMDAwMDAsInJlYWQiOjMwMDAwMDAwMDAwMCwidXBkYXRlIjo1NDAwMDAwMDAwMDAwfX0="
        }
      ]
    },
    {
      "mode": "managed",
      "type": "azurerm_route_table",
      "name": "tf-rt",
      "provider": "provider[\"registry.terraform.io/hashicorp/azurerm\"]",
      "instances": [
        {
          "schema_version": 0,
          "attributes": {
            "disable_bgp_route_propagation": false,
            "id": "/subscriptions/8dcc4f78-740e-40ef-9edd-8dde9d0e1957/resourceGroups/app-grp/providers/Microsoft.Network/routeTables/tf-rt",
            "location": "eastus",
            "name": "tf-rt",
            "resource_group_name": "app-grp",
            "route": [
              {
                "address_prefix": "0.0.0.0/0",
                "name": "Internet",
                "next_hop_in_ip_address": "10.0.2.4",
                "next_hop_type": "VirtualAppliance"
              },
              {
                "address_prefix": "10.0.0.0/8",
                "name": "RFC-1918-10",
                "next_hop_in_ip_address": "10.0.2.4",
                "next_hop_type": "VirtualAppliance"
              },
              {
                "address_prefix": "172.16.0.0/12",
                "name": "RFC-1918-172",
                "next_hop_in_ip_address": "10.0.2.4",
                "next_hop_type": "VirtualAppliance"
              },
              {
                "address_prefix": "192.168.0.0/16",
                "name": "RFC-1918-192",
                "next_hop_in_ip_address": "10.0.2.4",
                "next_hop_type": "VirtualAppliance"
              }
            ],
            "subnets": [
              "/subscriptions/8dcc4f78-740e-40ef-9edd-8dde9d0e1957/resourceGroups/app-grp/providers/Microsoft.Network/virtualNetworks/tfvnet/subnets/tfsubnet"
            ],
            "tags": {},
            "timeouts": null
          },
          "sensitive_attributes": [],
          "private": "eyJlMmJmYjczMC1lY2FhLTExZTYtOGY4OC0zNDM2M2JjN2M0YzAiOnsiY3JlYXRlIjoxODAwMDAwMDAwMDAwLCJkZWxldGUiOjE4MDAwMDAwMDAwMDAsInJlYWQiOjMwMDAwMDAwMDAwMCwidXBkYXRlIjoxODAwMDAwMDAwMDAwfX0=",
          "dependencies": [
            "azurerm_resource_group.appgrp"
          ]
        }
      ]
    },
    {
      "mode": "managed",
      "type": "azurerm_storage_account",
      "name": "tfstrgaccnt",
      "provider": "provider[\"registry.terraform.io/hashicorp/azurerm\"]",
      "instances": [
        {
          "schema_version": 3,
          "attributes": {
            "access_tier": "Hot",
            "account_kind": "StorageV2",
            "account_replication_type": "LRS",
            "account_tier": "Standard",
            "allow_nested_items_to_be_public": true,
            "allowed_copy_scope": "",
            "azure_files_authentication": [],
            "blob_properties": [
              {
                "change_feed_enabled": false,
                "change_feed_retention_in_days": 0,
                "container_delete_retention_policy": [],
                "cors_rule": [],
                "default_service_version": "",
                "delete_retention_policy": [],
                "last_access_time_enabled": false,
                "restore_policy": [],
                "versioning_enabled": false
              }
            ],
            "cross_tenant_replication_enabled": true,
            "custom_domain": [],
            "customer_managed_key": [],
            "default_to_oauth_authentication": false,
            "edge_zone": "",
            "enable_https_traffic_only": true,
            "id": "/subscriptions/8dcc4f78-740e-40ef-9edd-8dde9d0e1957/resourceGroups/app-grp/providers/Microsoft.Storage/storageAccounts/tfstrgaccnt113",
            "identity": [],
            "immutability_policy": [],
            "infrastructure_encryption_enabled": false,
            "is_hns_enabled": false,
            "large_file_share_enabled": null,
            "location": "eastus",
            "min_tls_version": "TLS1_2",
            "name": "tfstrgaccnt113",
            "network_rules": [
              {
                "bypass": [
                  "AzureServices"
                ],
                "default_action": "Allow",
                "ip_rules": [],
                "private_link_access": [],
                "virtual_network_subnet_ids": []
              }
            ],
            "nfsv3_enabled": false,
            "primary_access_key": "8TDO5TG9z0capqo4kFosxbH9vc8XCBWptQiwoX6Gcn3oiLA/A3SV9YaBy9/m8fQbnrrVj480Ar0j+AStoBhJ0g==",
            "primary_blob_connection_string": "DefaultEndpointsProtocol=https;BlobEndpoint=https://tfstrgaccnt113.blob.core.windows.net/;AccountName=tfstrgaccnt113;AccountKey=8TDO5TG9z0capqo4kFosxbH9vc8XCBWptQiwoX6Gcn3oiLA/A3SV9YaBy9/m8fQbnrrVj480Ar0j+AStoBhJ0g==",
            "primary_blob_endpoint": "https://tfstrgaccnt113.blob.core.windows.net/",
            "primary_blob_host": "tfstrgaccnt113.blob.core.windows.net",
            "primary_connection_string": "DefaultEndpointsProtocol=https;AccountName=tfstrgaccnt113;AccountKey=8TDO5TG9z0capqo4kFosxbH9vc8XCBWptQiwoX6Gcn3oiLA/A3SV9YaBy9/m8fQbnrrVj480Ar0j+AStoBhJ0g==;EndpointSuffix=core.windows.net",
            "primary_dfs_endpoint": "https://tfstrgaccnt113.dfs.core.windows.net/",
            "primary_dfs_host": "tfstrgaccnt113.dfs.core.windows.net",
            "primary_file_endpoint": "https://tfstrgaccnt113.file.core.windows.net/",
            "primary_file_host": "tfstrgaccnt113.file.core.windows.net",
            "primary_location": "eastus",
            "primary_queue_endpoint": "https://tfstrgaccnt113.queue.core.windows.net/",
            "primary_queue_host": "tfstrgaccnt113.queue.core.windows.net",
            "primary_table_endpoint": "https://tfstrgaccnt113.table.core.windows.net/",
            "primary_table_host": "tfstrgaccnt113.table.core.windows.net",
            "primary_web_endpoint": "https://tfstrgaccnt113.z13.web.core.windows.net/",
            "primary_web_host": "tfstrgaccnt113.z13.web.core.windows.net",
            "public_network_access_enabled": true,
            "queue_encryption_key_type": "Service",
            "queue_properties": [
              {
                "cors_rule": [],
                "hour_metrics": [
                  {
                    "enabled": true,
                    "include_apis": true,
                    "retention_policy_days": 7,
                    "version": "1.0"
                  }
                ],
                "logging": [
                  {
                    "delete": false,
                    "read": false,
                    "retention_policy_days": 0,
                    "version": "1.0",
                    "write": false
                  }
                ],
                "minute_metrics": [
                  {
                    "enabled": false,
                    "include_apis": false,
                    "retention_policy_days": 0,
                    "version": "1.0"
                  }
                ]
              }
            ],
            "resource_group_name": "app-grp",
            "routing": [],
            "sas_policy": [],
            "secondary_access_key": "rNAESy2cCU2pTBfGut4AdlQlKcVU8Tn8pzJtu/31VxDQX5EYVlZWyqAcTFf3gOs4dqfrUek5V2+r+ASt/4mnig==",
            "secondary_blob_connection_string": "",
            "secondary_blob_endpoint": null,
            "secondary_blob_host": null,
            "secondary_connection_string": "DefaultEndpointsProtocol=https;AccountName=tfstrgaccnt113;AccountKey=rNAESy2cCU2pTBfGut4AdlQlKcVU8Tn8pzJtu/31VxDQX5EYVlZWyqAcTFf3gOs4dqfrUek5V2+r+ASt/4mnig==;EndpointSuffix=core.windows.net",
            "secondary_dfs_endpoint": null,
            "secondary_dfs_host": null,
            "secondary_file_endpoint": null,
            "secondary_file_host": null,
            "secondary_location": "",
            "secondary_queue_endpoint": null,
            "secondary_queue_host": null,
            "secondary_table_endpoint": null,
            "secondary_table_host": null,
            "secondary_web_endpoint": null,
            "secondary_web_host": null,
            "sftp_enabled": false,
            "share_properties": [
              {
                "cors_rule": [],
                "retention_policy": [
                  {
                    "days": 7
                  }
                ],
                "smb": []
              }
            ],
            "shared_access_key_enabled": true,
            "static_website": [],
            "table_encryption_key_type": "Service",
            "tags": null,
            "timeouts": null
          },
          "sensitive_attributes": [],
          "private": "eyJlMmJmYjczMC1lY2FhLTExZTYtOGY4OC0zNDM2M2JjN2M0YzAiOnsiY3JlYXRlIjozNjAwMDAwMDAwMDAwLCJkZWxldGUiOjM2MDAwMDAwMDAwMDAsInJlYWQiOjMwMDAwMDAwMDAwMCwidXBkYXRlIjozNjAwMDAwMDAwMDAwfSwic2NoZW1hX3ZlcnNpb24iOiIzIn0=",
          "dependencies": [
            "azurerm_resource_group.appgrp",
            "random_integer.randomno"
          ]
        }
      ]
    },
    {
      "mode": "managed",
      "type": "azurerm_subnet",
      "name": "AzureFirewallSubnet",
      "provider": "provider[\"registry.terraform.io/hashicorp/azurerm\"]",
      "instances": [
        {
          "schema_version": 0,
          "attributes": {
            "address_prefixes": [
              "10.0.2.0/24"
            ],
            "delegation": [],
            "enforce_private_link_endpoint_network_policies": false,
            "enforce_private_link_service_network_policies": false,
            "id": "/subscriptions/8dcc4f78-740e-40ef-9edd-8dde9d0e1957/resourceGroups/app-grp/providers/Microsoft.Network/virtualNetworks/tfvnet/subnets/AzureFirewallSubnet",
            "name": "AzureFirewallSubnet",
            "private_endpoint_network_policies_enabled": true,
            "private_link_service_network_policies_enabled": true,
            "resource_group_name": "app-grp",
            "service_endpoint_policy_ids": [],
            "service_endpoints": [],
            "timeouts": null,
            "virtual_network_name": "tfvnet"
          },
          "sensitive_attributes": [],
          "private": "eyJlMmJmYjczMC1lY2FhLTExZTYtOGY4OC0zNDM2M2JjN2M0YzAiOnsiY3JlYXRlIjoxODAwMDAwMDAwMDAwLCJkZWxldGUiOjE4MDAwMDAwMDAwMDAsInJlYWQiOjMwMDAwMDAwMDAwMCwidXBkYXRlIjoxODAwMDAwMDAwMDAwfX0=",
          "dependencies": [
            "azurerm_network_security_group.tfnsg",
            "azurerm_resource_group.appgrp",
            "azurerm_virtual_network.tfvnet"
          ]
        }
      ]
    },
    {
      "mode": "managed",
      "type": "azurerm_subnet",
      "name": "tfsubnet",
      "provider": "provider[\"registry.terraform.io/hashicorp/azurerm\"]",
      "instances": [
        {
          "schema_version": 0,
          "attributes": {
            "address_prefixes": [
              "10.0.1.0/24"
            ],
            "delegation": [],
            "enforce_private_link_endpoint_network_policies": false,
            "enforce_private_link_service_network_policies": false,
            "id": "/subscriptions/8dcc4f78-740e-40ef-9edd-8dde9d0e1957/resourceGroups/app-grp/providers/Microsoft.Network/virtualNetworks/tfvnet/subnets/tfsubnet",
            "name": "tfsubnet",
            "private_endpoint_network_policies_enabled": true,
            "private_link_service_network_policies_enabled": true,
            "resource_group_name": "app-grp",
            "service_endpoint_policy_ids": [],
            "service_endpoints": [],
            "timeouts": null,
            "virtual_network_name": "tfvnet"
          },
          "sensitive_attributes": [],
          "private": "eyJlMmJmYjczMC1lY2FhLTExZTYtOGY4OC0zNDM2M2JjN2M0YzAiOnsiY3JlYXRlIjoxODAwMDAwMDAwMDAwLCJkZWxldGUiOjE4MDAwMDAwMDAwMDAsInJlYWQiOjMwMDAwMDAwMDAwMCwidXBkYXRlIjoxODAwMDAwMDAwMDAwfX0=",
          "dependencies": [
            "azurerm_network_security_group.tfnsg",
            "azurerm_resource_group.appgrp",
            "azurerm_virtual_network.tfvnet"
          ]
        }
      ]
    },
    {
      "mode": "managed",
      "type": "azurerm_subnet_network_security_group_association",
      "name": "tfsubnetnsgasocation",
      "provider": "provider[\"registry.terraform.io/hashicorp/azurerm\"]",
      "instances": [
        {
          "schema_version": 0,
          "attributes": {
            "id": "/subscriptions/8dcc4f78-740e-40ef-9edd-8dde9d0e1957/resourceGroups/app-grp/providers/Microsoft.Network/virtualNetworks/tfvnet/subnets/tfsubnet",
            "network_security_group_id": "/subscriptions/8dcc4f78-740e-40ef-9edd-8dde9d0e1957/resourceGroups/app-grp/providers/Microsoft.Network/networkSecurityGroups/tfnsg",
            "subnet_id": "/subscriptions/8dcc4f78-740e-40ef-9edd-8dde9d0e1957/resourceGroups/app-grp/providers/Microsoft.Network/virtualNetworks/tfvnet/subnets/tfsubnet",
            "timeouts": null
          },
          "sensitive_attributes": [],
          "private": "eyJlMmJmYjczMC1lY2FhLTExZTYtOGY4OC0zNDM2M2JjN2M0YzAiOnsiY3JlYXRlIjoxODAwMDAwMDAwMDAwLCJkZWxldGUiOjE4MDAwMDAwMDAwMDAsInJlYWQiOjMwMDAwMDAwMDAwMCwidXBkYXRlIjoxODAwMDAwMDAwMDAwfX0=",
          "dependencies": [
            "azurerm_network_security_group.tfnsg",
            "azurerm_resource_group.appgrp",
            "azurerm_subnet.tfsubnet",
            "azurerm_virtual_network.tfvnet"
          ]
        }
      ]
    },
    {
      "mode": "managed",
      "type": "azurerm_subnet_route_table_association",
      "name": "tf-rt-tfsubnet",
      "provider": "provider[\"registry.terraform.io/hashicorp/azurerm\"]",
      "instances": [
        {
          "schema_version": 0,
          "attributes": {
            "id": "/subscriptions/8dcc4f78-740e-40ef-9edd-8dde9d0e1957/resourceGroups/app-grp/providers/Microsoft.Network/virtualNetworks/tfvnet/subnets/tfsubnet",
            "route_table_id": "/subscriptions/8dcc4f78-740e-40ef-9edd-8dde9d0e1957/resourceGroups/app-grp/providers/Microsoft.Network/routeTables/tf-rt",
            "subnet_id": "/subscriptions/8dcc4f78-740e-40ef-9edd-8dde9d0e1957/resourceGroups/app-grp/providers/Microsoft.Network/virtualNetworks/tfvnet/subnets/tfsubnet",
            "timeouts": null
          },
          "sensitive_attributes": [],
          "private": "eyJlMmJmYjczMC1lY2FhLTExZTYtOGY4OC0zNDM2M2JjN2M0YzAiOnsiY3JlYXRlIjoxODAwMDAwMDAwMDAwLCJkZWxldGUiOjE4MDAwMDAwMDAwMDAsInJlYWQiOjMwMDAwMDAwMDAwMCwidXBkYXRlIjoxODAwMDAwMDAwMDAwfX0=",
          "dependencies": [
            "azurerm_network_security_group.tfnsg",
            "azurerm_resource_group.appgrp",
            "azurerm_route_table.tf-rt",
            "azurerm_subnet.tfsubnet",
            "azurerm_virtual_network.tfvnet"
          ]
        }
      ]
    },
    {
      "mode": "managed",
      "type": "azurerm_virtual_network",
      "name": "tfvnet",
      "provider": "provider[\"registry.terraform.io/hashicorp/azurerm\"]",
      "instances": [
        {
          "schema_version": 0,
          "attributes": {
            "address_space": [
              "10.0.0.0/8"
            ],
            "bgp_community": "",
            "ddos_protection_plan": [],
            "dns_servers": [],
            "edge_zone": "",
            "flow_timeout_in_minutes": 0,
            "guid": "07cde079-d7d3-41da-bef7-ca0d9256d1d8",
            "id": "/subscriptions/8dcc4f78-740e-40ef-9edd-8dde9d0e1957/resourceGroups/app-grp/providers/Microsoft.Network/virtualNetworks/tfvnet",
            "location": "eastus",
            "name": "tfvnet",
            "resource_group_name": "app-grp",
            "subnet": [
              {
                "address_prefix": "10.0.1.0/24",
                "id": "/subscriptions/8dcc4f78-740e-40ef-9edd-8dde9d0e1957/resourceGroups/app-grp/providers/Microsoft.Network/virtualNetworks/tfvnet/subnets/tfsubnet",
                "name": "tfsubnet",
                "security_group": "/subscriptions/8dcc4f78-740e-40ef-9edd-8dde9d0e1957/resourceGroups/app-grp/providers/Microsoft.Network/networkSecurityGroups/tfnsg"
              },
              {
                "address_prefix": "10.0.2.0/24",
                "id": "/subscriptions/8dcc4f78-740e-40ef-9edd-8dde9d0e1957/resourceGroups/app-grp/providers/Microsoft.Network/virtualNetworks/tfvnet/subnets/AzureFirewallSubnet",
                "name": "AzureFirewallSubnet",
                "security_group": ""
              }
            ],
            "tags": {},
            "timeouts": null
          },
          "sensitive_attributes": [],
          "private": "eyJlMmJmYjczMC1lY2FhLTExZTYtOGY4OC0zNDM2M2JjN2M0YzAiOnsiY3JlYXRlIjoxODAwMDAwMDAwMDAwLCJkZWxldGUiOjE4MDAwMDAwMDAwMDAsInJlYWQiOjMwMDAwMDAwMDAwMCwidXBkYXRlIjoxODAwMDAwMDAwMDAwfX0=",
          "dependencies": [
            "azurerm_resource_group.appgrp"
          ]
        }
      ]
    },
    {
      "mode": "managed",
      "type": "azurerm_windows_virtual_machine",
      "name": "tfvm",
      "provider": "provider[\"registry.terraform.io/hashicorp/azurerm\"]",
      "instances": [
        {
          "schema_version": 0,
          "attributes": {
            "additional_capabilities": [],
            "additional_unattend_content": [],
            "admin_password": "Password@123",
            "admin_username": "testadmin",
            "allow_extension_operations": true,
            "availability_set_id": "",
            "boot_diagnostics": [],
            "capacity_reservation_group_id": "",
            "computer_name": "tf-vm01",
            "custom_data": null,
            "dedicated_host_group_id": "",
            "dedicated_host_id": "",
            "edge_zone": "",
            "enable_automatic_updates": true,
            "encryption_at_host_enabled": false,
            "eviction_policy": "",
            "extensions_time_budget": "PT1H30M",
            "gallery_application": [],
            "hotpatching_enabled": false,
            "id": "/subscriptions/8dcc4f78-740e-40ef-9edd-8dde9d0e1957/resourceGroups/app-grp/providers/Microsoft.Compute/virtualMachines/tf-vm01",
            "identity": [],
            "license_type": "",
            "location": "eastus",
            "max_bid_price": -1,
            "name": "tf-vm01",
            "network_interface_ids": [
              "/subscriptions/8dcc4f78-740e-40ef-9edd-8dde9d0e1957/resourceGroups/app-grp/providers/Microsoft.Network/networkInterfaces/tf-vmnic"
            ],
            "os_disk": [
              {
                "caching": "ReadWrite",
                "diff_disk_settings": [],
                "disk_encryption_set_id": "",
                "disk_size_gb": 127,
                "name": "tf-vm01_disk1_b0e3fc376f2d4f0fac4a4ba67587cf86",
                "secure_vm_disk_encryption_set_id": "",
                "security_encryption_type": "",
                "storage_account_type": "Standard_LRS",
                "write_accelerator_enabled": false
              }
            ],
            "patch_assessment_mode": "ImageDefault",
            "patch_mode": "AutomaticByOS",
            "plan": [],
            "platform_fault_domain": -1,
            "priority": "Regular",
            "private_ip_address": "10.0.1.4",
            "private_ip_addresses": [
              "10.0.1.4"
            ],
            "provision_vm_agent": true,
            "proximity_placement_group_id": "",
            "public_ip_address": "",
            "public_ip_addresses": [],
            "resource_group_name": "app-grp",
            "secret": [],
            "secure_boot_enabled": false,
            "size": "Standard_DS1_v2",
            "source_image_id": "",
            "source_image_reference": [
              {
                "offer": "WindowsServer",
                "publisher": "MicrosoftWindowsServer",
                "sku": "2019-Datacenter",
                "version": "latest"
              }
            ],
            "tags": {},
            "termination_notification": [],
            "timeouts": null,
            "timezone": "",
            "user_data": "",
            "virtual_machine_id": "32f68eea-a02f-47ae-add4-da2443d78e05",
            "virtual_machine_scale_set_id": "",
            "vtpm_enabled": false,
            "winrm_listener": [],
            "zone": ""
          },
          "sensitive_attributes": [],
          "private": "eyJlMmJmYjczMC1lY2FhLTExZTYtOGY4OC0zNDM2M2JjN2M0YzAiOnsiY3JlYXRlIjoyNzAwMDAwMDAwMDAwLCJkZWxldGUiOjI3MDAwMDAwMDAwMDAsInJlYWQiOjMwMDAwMDAwMDAwMCwidXBkYXRlIjoyNzAwMDAwMDAwMDAwfX0=",
          "dependencies": [
            "azurerm_network_interface.tfvm-nic",
            "azurerm_network_security_group.tfnsg",
            "azurerm_resource_group.appgrp",
            "azurerm_subnet.tfsubnet",
            "azurerm_virtual_network.tfvnet"
          ]
        }
      ]
    },
    {
      "mode": "managed",
      "type": "random_integer",
      "name": "randomno",
      "provider": "provider[\"registry.terraform.io/hashicorp/random\"]",
      "instances": [
        {
          "schema_version": 0,
          "attributes": {
            "id": "113",
            "keepers": null,
            "max": 400,
            "min": 1,
            "result": 113,
            "seed": null
          },
          "sensitive_attributes": [],
          "dependencies": [
            "azurerm_resource_group.appgrp"
          ]
        }
      ]
    }
  ],
  "check_results": null
}
